github.com/google/uuid v1.3.0 h1:t6JiXgmwXMjEs8VusXIJk2BXHsn+wx8BZdTaoZ5fu7I=
github.com/google/uuid v1.3.0/go.mod h1:TIyPZe4MgqvfeYDBFedMoGGpEw/LqOeaOT+nhxU+yHo=
github.com/oneforx/go-ecs v0.0.3 h1:0dhPSO4K1abtCSuWiH8ZayvNsGYjZbyCyXOpFKs+MO8=
github.com/oneforx/go-ecs v0.0.3/go.mod h1:P4lgahJ8FbN0MGepV/qek1yhcAkie1j+2e6Awoal3H4=
github.com/oneforx/go-ecs v0.0.4 h1:0LoA1SMfeMHQfvtwNN/2UehJFdBdUrr/xOH8Oi0z5ME=
github.com/oneforx/go-ecs v0.0.4/go.mod h1:P4lgahJ8FbN0MGepV/qek1yhcAkie1j+2e6Awoal3H4=
github.com/oneforx/go-serge v0.0.2 h1:5Gsu/a3fUdjMmRrz3RwgS4IzKnKysQpwMVx3ZV3VRc8=
github.com/oneforx/go-serge v0.0.2/go.mod h1:oTFQkzGn+E2AGkQggddyA/VofTnLbqsebs7nRFmZZaQ=
github.com/oneforx/go-serge v0.0.3 h1:6QZM8cPVwLW90yv/YogiGzkElbOug2NV+IkSYzTgCgc=
github.com/oneforx/go-serge v0.0.3/go.mod h1:KhwI4Kn/8EhtvOCZpU0QNOtmbJ9Uk0RNBnbHhvcKd1I=
